
Microsoft Visual Studio Solution File, Format Version 12.00
# Visual Studio 15
VisualStudioVersion = 15.0.28307.106
MinimumVisualStudioVersion = 10.0.40219.1
Project("{FAE04EC0-301F-11D3-BF4B-00C04F79EFBC}") = "Kata.Checkout", "Kata.Checkout\Kata.Checkout.csproj", "{EA40B8CC-8A7D-4527-855B-37480E70CB4F}"
EndProject
Project("{FAE04EC0-301F-11D3-BF4B-00C04F79EFBC}") = "Kata.APP", "Kata.APP\Kata.APP.csproj", "{E3D096B7-FD86-4943-9A24-80419B8AA346}"
EndProject
Project("{FAE04EC0-301F-11D3-BF4B-00C04F79EFBC}") = "Kata.Entity", "Kata.Entity\Kata.Entity.csproj", "{A19BDA9D-CC96-4164-B097-534F1AE3CB0A}"
EndProject
Project("{FAE04EC0-301F-11D3-BF4B-00C04F79EFBC}") = "Kata.Checkout.Tests", "Kata.Checkout.Tests\Kata.Checkout.Tests.csproj", "{1202FFF0-6BA5-4555-9926-E9977AD08D1E}"
EndProject
Global
	GlobalSection(SolutionConfigurationPlatforms) = preSolution
		Debug|Any CPU = Debug|Any CPU
		Release|Any CPU = Release|Any CPU
	EndGlobalSection
	GlobalSection(ProjectConfigurationPlatforms) = postSolution
		{EA40B8CC-8A7D-4527-855B-37480E70CB4F}.Debug|Any CPU.ActiveCfg = Debug|Any CPU
		{EA40B8CC-8A7D-4527-855B-37480E70CB4F}.Debug|Any CPU.Build.0 = Debug|Any CPU
		{EA40B8CC-8A7D-4527-855B-37480E70CB4F}.Release|Any CPU.ActiveCfg = Release|Any CPU
		{EA40B8CC-8A7D-4527-855B-37480E70CB4F}.Release|Any CPU.Build.0 = Release|Any CPU
		{E3D096B7-FD86-4943-9A24-80419B8AA346}.Debug|Any CPU.ActiveCfg = Debug|Any CPU
		{E3D096B7-FD86-4943-9A24-80419B8AA346}.Debug|Any CPU.Build.0 = Debug|Any CPU
		{E3D096B7-FD86-4943-9A24-80419B8AA346}.Release|Any CPU.ActiveCfg = Release|Any CPU
		{E3D096B7-FD86-4943-9A24-80419B8AA346}.Release|Any CPU.Build.0 = Release|Any CPU
		{A19BDA9D-CC96-4164-B097-534F1AE3CB0A}.Debug|Any CPU.ActiveCfg = Debug|Any CPU
		{A19BDA9D-CC96-4164-B097-534F1AE3CB0A}.Debug|Any CPU.Build.0 = Debug|Any CPU
		{A19BDA9D-CC96-4164-B097-534F1AE3CB0A}.Release|Any CPU.ActiveCfg = Release|Any CPU
		{A19BDA9D-CC96-4164-B097-534F1AE3CB0A}.Release|Any CPU.Build.0 = Release|Any CPU
		{1202FFF0-6BA5-4555-9926-E9977AD08D1E}.Debug|Any CPU.ActiveCfg = Debug|Any CPU
		{1202FFF0-6BA5-4555-9926-E9977AD08D1E}.Debug|Any CPU.Build.0 = Debug|Any CPU
		{1202FFF0-6BA5-4555-9926-E9977AD08D1E}.Release|Any CPU.ActiveCfg = Release|Any CPU
		{1202FFF0-6BA5-4555-9926-E9977AD08D1E}.Release|Any CPU.Build.0 = Release|Any CPU
	EndGlobalSection
	GlobalSection(SolutionProperties) = preSolution
		HideSolutionNode = FALSE
	EndGlobalSection
	GlobalSection(ExtensibilityGlobals) = postSolution
		SolutionGuid = {6FBB8800-3A68-4291-8E9E-AE6D751DB68B}
	EndGlobalSection
EndGlobal
